
Microsoft Visual Studio Solution File, Format Version 12.00
# Visual Studio 2012
Project("{FAE04EC0-301F-11D3-BF4B-00C04F79EFBC}") = "Algorithms.Tests", "Algorithms.Tests\Algorithms.Tests.csproj", "{B03AF965-AD47-4318-BF29-89A11723C7B9}"
EndProject
Project("{FAE04EC0-301F-11D3-BF4B-00C04F79EFBC}") = "Algorithms", "Algorithms\Algorithms.csproj", "{268B58CE-34DC-4C7B-8989-61E7847816E6}"
EndProject
Project("{2150E333-8FDC-42A3-9474-1A3956D46DE8}") = ".nuget", ".nuget", "{22BAFE75-12EA-4C34-803D-F1434813BCE1}"
	ProjectSection(SolutionItems) = preProject
		.nuget\NuGet.Config = .nuget\NuGet.Config
		.nuget\NuGet.exe = .nuget\NuGet.exe
		.nuget\NuGet.targets = .nuget\NuGet.targets
	EndProjectSection
EndProject
Global
	GlobalSection(SolutionConfigurationPlatforms) = preSolution
		Debug|Any CPU = Debug|Any CPU
		Release|Any CPU = Release|Any CPU
	EndGlobalSection
	GlobalSection(ProjectConfigurationPlatforms) = postSolution
		{B03AF965-AD47-4318-BF29-89A11723C7B9}.Debug|Any CPU.ActiveCfg = Debug|Any CPU
		{B03AF965-AD47-4318-BF29-89A11723C7B9}.Debug|Any CPU.Build.0 = Debug|Any CPU
		{B03AF965-AD47-4318-BF29-89A11723C7B9}.Release|Any CPU.ActiveCfg = Release|Any CPU
		{B03AF965-AD47-4318-BF29-89A11723C7B9}.Release|Any CPU.Build.0 = Release|Any CPU
		{268B58CE-34DC-4C7B-8989-61E7847816E6}.Debug|Any CPU.ActiveCfg = Debug|Any CPU
		{268B58CE-34DC-4C7B-8989-61E7847816E6}.Debug|Any CPU.Build.0 = Debug|Any CPU
		{268B58CE-34DC-4C7B-8989-61E7847816E6}.Release|Any CPU.ActiveCfg = Release|Any CPU
		{268B58CE-34DC-4C7B-8989-61E7847816E6}.Release|Any CPU.Build.0 = Release|Any CPU
	EndGlobalSection
	GlobalSection(SolutionProperties) = preSolution
		HideSolutionNode = FALSE
	EndGlobalSection
EndGlobal
